// !$*UTF8*$!
{
	archiveVersion = 1;
	classes = {
	};
	objectVersion = 48;
	objects = {

/* Begin PBXBuildFile section */
		480FEDAE21002EB300DD09BA /* AppDelegate.swift in Sources */ = {isa = PBXBuildFile; fileRef = 480FEDAD21002EB300DD09BA /* AppDelegate.swift */; };
		480FEDB021002EB300DD09BA /* ViewController.swift in Sources */ = {isa = PBXBuildFile; fileRef = 480FEDAF21002EB300DD09BA /* ViewController.swift */; };
		480FEDB321002EB300DD09BA /* Main.storyboard in Resources */ = {isa = PBXBuildFile; fileRef = 480FEDB121002EB300DD09BA /* Main.storyboard */; };
		480FEDB521002EB300DD09BA /* Assets.xcassets in Resources */ = {isa = PBXBuildFile; fileRef = 480FEDB421002EB300DD09BA /* Assets.xcassets */; };
		480FEDB821002EB300DD09BA /* LaunchScreen.storyboard in Resources */ = {isa = PBXBuildFile; fileRef = 480FEDB621002EB300DD09BA /* LaunchScreen.storyboard */; };
		480FEDC321002EB300DD09BA /* MVVMDemoTests.swift in Sources */ = {isa = PBXBuildFile; fileRef = 480FEDC221002EB300DD09BA /* MVVMDemoTests.swift */; };
		480FEDCE21002EB400DD09BA /* MVVMDemoUITests.swift in Sources */ = {isa = PBXBuildFile; fileRef = 480FEDCD21002EB400DD09BA /* MVVMDemoUITests.swift */; };
		480FEDE52100364600DD09BA /* RxBlocking.framework in Frameworks */ = {isa = PBXBuildFile; fileRef = 480FEDDE2100349A00DD09BA /* RxBlocking.framework */; };
		480FEDE62100364600DD09BA /* RxCocoa.framework in Frameworks */ = {isa = PBXBuildFile; fileRef = 480FEDDC2100349A00DD09BA /* RxCocoa.framework */; };
		480FEDE72100364600DD09BA /* RxSwift.framework in Frameworks */ = {isa = PBXBuildFile; fileRef = 480FEDDD2100349A00DD09BA /* RxSwift.framework */; };
		48DBA754210418AC00731441 /* DayOneController.swift in Sources */ = {isa = PBXBuildFile; fileRef = 48DBA753210418AC00731441 /* DayOneController.swift */; };
		48DBA75621041DB200731441 /* RxDemoOneDay.swift in Sources */ = {isa = PBXBuildFile; fileRef = 48DBA75521041DB200731441 /* RxDemoOneDay.swift */; };
		48DBA7AD2105631000731441 /* DayTwoDemo.swift in Sources */ = {isa = PBXBuildFile; fileRef = 48DBA7AC2105631000731441 /* DayTwoDemo.swift */; };
		48E4D5E82106FC2E00A25254 /* RxNameSpace.swift in Sources */ = {isa = PBXBuildFile; fileRef = 48E4D5E72106FC2E00A25254 /* RxNameSpace.swift */; };
/* End PBXBuildFile section */

/* Begin PBXContainerItemProxy section */
		480FEDBF21002EB300DD09BA /* PBXContainerItemProxy */ = {
			isa = PBXContainerItemProxy;
			containerPortal = 480FEDA221002EB300DD09BA /* Project object */;
			proxyType = 1;
			remoteGlobalIDString = 480FEDA921002EB300DD09BA;
			remoteInfo = MVVMDemo;
		};
		480FEDCA21002EB400DD09BA /* PBXContainerItemProxy */ = {
			isa = PBXContainerItemProxy;
			containerPortal = 480FEDA221002EB300DD09BA /* Project object */;
			proxyType = 1;
			remoteGlobalIDString = 480FEDA921002EB300DD09BA;
			remoteInfo = MVVMDemo;
		};
		48DBA76F2104980800731441 /* PBXContainerItemProxy */ = {
			isa = PBXContainerItemProxy;
			containerPortal = 48DBA7572104980700731441 /* Rx.xcodeproj */;
			proxyType = 2;
			remoteGlobalIDString = C8A56AD71AD7424700B4673B;
			remoteInfo = "RxSwift-iOS";
		};
		48DBA7712104980800731441 /* PBXContainerItemProxy */ = {
			isa = PBXContainerItemProxy;
			containerPortal = 48DBA7572104980700731441 /* Rx.xcodeproj */;
			proxyType = 2;
			remoteGlobalIDString = C88BB8711B07E5ED0064D411;
			remoteInfo = "RxSwift-macOS";
		};
		48DBA7732104980800731441 /* PBXContainerItemProxy */ = {
			isa = PBXContainerItemProxy;
			containerPortal = 48DBA7572104980700731441 /* Rx.xcodeproj */;
			proxyType = 2;
			remoteGlobalIDString = D2EA280C1BB9B5A200880ED3;
			remoteInfo = "RxSwift-tvOS";
		};
		48DBA7752104980800731441 /* PBXContainerItemProxy */ = {
			isa = PBXContainerItemProxy;
			containerPortal = 48DBA7572104980700731441 /* Rx.xcodeproj */;
			proxyType = 2;
			remoteGlobalIDString = C8F0C0021BBBFB8B001B112F;
			remoteInfo = "RxSwift-watchOS";
		};
		48DBA7772104980800731441 /* PBXContainerItemProxy */ = {
			isa = PBXContainerItemProxy;
			containerPortal = 48DBA7572104980700731441 /* Rx.xcodeproj */;
			proxyType = 2;
			remoteGlobalIDString = C809396D1B8A71760088E94D;
			remoteInfo = "RxCocoa-iOS";
		};
		48DBA7792104980800731441 /* PBXContainerItemProxy */ = {
			isa = PBXContainerItemProxy;
			containerPortal = 48DBA7572104980700731441 /* Rx.xcodeproj */;
			proxyType = 2;
			remoteGlobalIDString = C80939E71B8A71840088E94D;
			remoteInfo = "RxCocoa-macOS";
		};
		48DBA77B2104980800731441 /* PBXContainerItemProxy */ = {
			isa = PBXContainerItemProxy;
			containerPortal = 48DBA7572104980700731441 /* Rx.xcodeproj */;
			proxyType = 2;
			remoteGlobalIDString = D2138C751BB9BE9800339B5C;
			remoteInfo = "RxCocoa-tvOS";
		};
		48DBA77D2104980800731441 /* PBXContainerItemProxy */ = {
			isa = PBXContainerItemProxy;
			containerPortal = 48DBA7572104980700731441 /* Rx.xcodeproj */;
			proxyType = 2;
			remoteGlobalIDString = C8F0C04B1BBBFBB9001B112F;
			remoteInfo = "RxCocoa-watchOS";
		};
		48DBA77F2104980800731441 /* PBXContainerItemProxy */ = {
			isa = PBXContainerItemProxy;
			containerPortal = 48DBA7572104980700731441 /* Rx.xcodeproj */;
			proxyType = 2;
			remoteGlobalIDString = C8093BC71B8A71F00088E94D;
			remoteInfo = "RxBlocking-iOS";
		};
		48DBA7812104980800731441 /* PBXContainerItemProxy */ = {
			isa = PBXContainerItemProxy;
			containerPortal = 48DBA7572104980700731441 /* Rx.xcodeproj */;
			proxyType = 2;
			remoteGlobalIDString = C8093C451B8A71FC0088E94D;
			remoteInfo = "RxBlocking-macOS";
		};
		48DBA7832104980800731441 /* PBXContainerItemProxy */ = {
			isa = PBXContainerItemProxy;
			containerPortal = 48DBA7572104980700731441 /* Rx.xcodeproj */;
			proxyType = 2;
			remoteGlobalIDString = D2EBEB811BB9B99D003A27DC;
			remoteInfo = "RxBlocking-tvOS";
		};
		48DBA7852104980800731441 /* PBXContainerItemProxy */ = {
			isa = PBXContainerItemProxy;
			containerPortal = 48DBA7572104980700731441 /* Rx.xcodeproj */;
			proxyType = 2;
			remoteGlobalIDString = C8F0C0581BBBFBCE001B112F;
			remoteInfo = "RxBlocking-watchOS";
		};
		48DBA7872104980800731441 /* PBXContainerItemProxy */ = {
			isa = PBXContainerItemProxy;
			containerPortal = 48DBA7572104980700731441 /* Rx.xcodeproj */;
			proxyType = 2;
			remoteGlobalIDString = C88FA50C1C25C44800CCFEA4;
			remoteInfo = "RxTest-iOS";
		};
		48DBA7892104980800731441 /* PBXContainerItemProxy */ = {
			isa = PBXContainerItemProxy;
			containerPortal = 48DBA7572104980700731441 /* Rx.xcodeproj */;
			proxyType = 2;
			remoteGlobalIDString = C88FA51D1C25C4B500CCFEA4;
			remoteInfo = "RxTest-macOS";
		};
		48DBA78B2104980800731441 /* PBXContainerItemProxy */ = {
			isa = PBXContainerItemProxy;
			containerPortal = 48DBA7572104980700731441 /* Rx.xcodeproj */;
			proxyType = 2;
			remoteGlobalIDString = C88FA52E1C25C4C000CCFEA4;
			remoteInfo = "RxTest-tvOS";
		};
		48DBA78D2104980800731441 /* PBXContainerItemProxy */ = {
			isa = PBXContainerItemProxy;
			containerPortal = 48DBA7572104980700731441 /* Rx.xcodeproj */;
			proxyType = 2;
			remoteGlobalIDString = C88FA53F1C25C4CC00CCFEA4;
			remoteInfo = "RxTest-watchOS";
		};
		48DBA78F2104980800731441 /* PBXContainerItemProxy */ = {
			isa = PBXContainerItemProxy;
			containerPortal = 48DBA7572104980700731441 /* Rx.xcodeproj */;
			proxyType = 2;
			remoteGlobalIDString = C83508C31C386F6F0027C24C;
			remoteInfo = "AllTests-iOS";
		};
		48DBA7912104980800731441 /* PBXContainerItemProxy */ = {
			isa = PBXContainerItemProxy;
			containerPortal = 48DBA7572104980700731441 /* Rx.xcodeproj */;
			proxyType = 2;
			remoteGlobalIDString = C83509841C38740E0027C24C;
			remoteInfo = "AllTests-tvOS";
		};
		48DBA7932104980800731441 /* PBXContainerItemProxy */ = {
			isa = PBXContainerItemProxy;
			containerPortal = 48DBA7572104980700731441 /* Rx.xcodeproj */;
			proxyType = 2;
			remoteGlobalIDString = C83509941C38742C0027C24C;
			remoteInfo = "AllTests-macOS";
		};
		48DBA7952104980800731441 /* PBXContainerItemProxy */ = {
			isa = PBXContainerItemProxy;
			containerPortal = 48DBA7572104980700731441 /* Rx.xcodeproj */;
			proxyType = 2;
			remoteGlobalIDString = C85BA04B1C3878740075D68E;
			remoteInfo = Microoptimizations;
		};
		48DBA7972104980800731441 /* PBXContainerItemProxy */ = {
			isa = PBXContainerItemProxy;
			containerPortal = 48DBA7572104980700731441 /* Rx.xcodeproj */;
			proxyType = 2;
			remoteGlobalIDString = C8E8BA551E2C181A00A4AC2C;
			remoteInfo = Benchmarks;
		};
/* End PBXContainerItemProxy section */

/* Begin PBXFileReference section */
		480FEDAA21002EB300DD09BA /* MVVMDemo.app */ = {isa = PBXFileReference; explicitFileType = wrapper.application; includeInIndex = 0; path = MVVMDemo.app; sourceTree = BUILT_PRODUCTS_DIR; };
		480FEDAD21002EB300DD09BA /* AppDelegate.swift */ = {isa = PBXFileReference; lastKnownFileType = sourcecode.swift; path = AppDelegate.swift; sourceTree = "<group>"; };
		480FEDAF21002EB300DD09BA /* ViewController.swift */ = {isa = PBXFileReference; lastKnownFileType = sourcecode.swift; path = ViewController.swift; sourceTree = "<group>"; };
		480FEDB221002EB300DD09BA /* Base */ = {isa = PBXFileReference; lastKnownFileType = file.storyboard; name = Base; path = Base.lproj/Main.storyboard; sourceTree = "<group>"; };
		480FEDB421002EB300DD09BA /* Assets.xcassets */ = {isa = PBXFileReference; lastKnownFileType = folder.assetcatalog; path = Assets.xcassets; sourceTree = "<group>"; };
		480FEDB721002EB300DD09BA /* Base */ = {isa = PBXFileReference; lastKnownFileType = file.storyboard; name = Base; path = Base.lproj/LaunchScreen.storyboard; sourceTree = "<group>"; };
		480FEDB921002EB300DD09BA /* Info.plist */ = {isa = PBXFileReference; lastKnownFileType = text.plist.xml; path = Info.plist; sourceTree = "<group>"; };
		480FEDBE21002EB300DD09BA /* MVVMDemoTests.xctest */ = {isa = PBXFileReference; explicitFileType = wrapper.cfbundle; includeInIndex = 0; path = MVVMDemoTests.xctest; sourceTree = BUILT_PRODUCTS_DIR; };
		480FEDC221002EB300DD09BA /* MVVMDemoTests.swift */ = {isa = PBXFileReference; lastKnownFileType = sourcecode.swift; path = MVVMDemoTests.swift; sourceTree = "<group>"; };
		480FEDC421002EB400DD09BA /* Info.plist */ = {isa = PBXFileReference; lastKnownFileType = text.plist.xml; path = Info.plist; sourceTree = "<group>"; };
		480FEDC921002EB400DD09BA /* MVVMDemoUITests.xctest */ = {isa = PBXFileReference; explicitFileType = wrapper.cfbundle; includeInIndex = 0; path = MVVMDemoUITests.xctest; sourceTree = BUILT_PRODUCTS_DIR; };
		480FEDCD21002EB400DD09BA /* MVVMDemoUITests.swift */ = {isa = PBXFileReference; lastKnownFileType = sourcecode.swift; path = MVVMDemoUITests.swift; sourceTree = "<group>"; };
		480FEDCF21002EB400DD09BA /* Info.plist */ = {isa = PBXFileReference; lastKnownFileType = text.plist.xml; path = Info.plist; sourceTree = "<group>"; };
		480FEDDC2100349A00DD09BA /* RxCocoa.framework */ = {isa = PBXFileReference; lastKnownFileType = wrapper.framework; name = RxCocoa.framework; path = Carthage/Build/iOS/RxCocoa.framework; sourceTree = "<group>"; };
		480FEDDD2100349A00DD09BA /* RxSwift.framework */ = {isa = PBXFileReference; lastKnownFileType = wrapper.framework; name = RxSwift.framework; path = Carthage/Build/iOS/RxSwift.framework; sourceTree = "<group>"; };
		480FEDDE2100349A00DD09BA /* RxBlocking.framework */ = {isa = PBXFileReference; lastKnownFileType = wrapper.framework; name = RxBlocking.framework; path = Carthage/Build/iOS/RxBlocking.framework; sourceTree = "<group>"; };
		480FEDDF2100349A00DD09BA /* RxTest.framework */ = {isa = PBXFileReference; lastKnownFileType = wrapper.framework; name = RxTest.framework; path = Carthage/Build/iOS/RxTest.framework; sourceTree = "<group>"; };
		480FEDE92100374A00DD09BA /* XCTest.framework */ = {isa = PBXFileReference; lastKnownFileType = wrapper.framework; name = XCTest.framework; path = Platforms/iPhoneOS.platform/Developer/Library/Frameworks/XCTest.framework; sourceTree = DEVELOPER_DIR; };
		48DBA753210418AC00731441 /* DayOneController.swift */ = {isa = PBXFileReference; lastKnownFileType = sourcecode.swift; path = DayOneController.swift; sourceTree = "<group>"; };
		48DBA75521041DB200731441 /* RxDemoOneDay.swift */ = {isa = PBXFileReference; lastKnownFileType = sourcecode.swift; path = RxDemoOneDay.swift; sourceTree = "<group>"; };
		48DBA7572104980700731441 /* Rx.xcodeproj */ = {isa = PBXFileReference; lastKnownFileType = "wrapper.pb-project"; name = Rx.xcodeproj; path = Carthage/Checkouts/RxSwift/Rx.xcodeproj; sourceTree = "<group>"; };
		48DBA7AC2105631000731441 /* DayTwoDemo.swift */ = {isa = PBXFileReference; lastKnownFileType = sourcecode.swift; path = DayTwoDemo.swift; sourceTree = "<group>"; };
		48E4D5E72106FC2E00A25254 /* RxNameSpace.swift */ = {isa = PBXFileReference; lastKnownFileType = sourcecode.swift; path = RxNameSpace.swift; sourceTree = "<group>"; };
/* End PBXFileReference section */

/* Begin PBXFrameworksBuildPhase section */
		480FEDA721002EB300DD09BA /* Frameworks */ = {
			isa = PBXFrameworksBuildPhase;
			buildActionMask = 2147483647;
			files = (
				480FEDE52100364600DD09BA /* RxBlocking.framework in Frameworks */,
				480FEDE62100364600DD09BA /* RxCocoa.framework in Frameworks */,
				480FEDE72100364600DD09BA /* RxSwift.framework in Frameworks */,
			);
			runOnlyForDeploymentPostprocessing = 0;
		};
		480FEDBB21002EB300DD09BA /* Frameworks */ = {
			isa = PBXFrameworksBuildPhase;
			buildActionMask = 2147483647;
			files = (
			);
			runOnlyForDeploymentPostprocessing = 0;
		};
		480FEDC621002EB400DD09BA /* Frameworks */ = {
			isa = PBXFrameworksBuildPhase;
			buildActionMask = 2147483647;
			files = (
			);
			runOnlyForDeploymentPostprocessing = 0;
		};
/* End PBXFrameworksBuildPhase section */

/* Begin PBXGroup section */
		480FEDA121002EB300DD09BA = {
			isa = PBXGroup;
			children = (
				48DBA7572104980700731441 /* Rx.xcodeproj */,
				48DBA7522104189B00731441 /* DayOne */,
				480FEDAC21002EB300DD09BA /* MVVMDemo */,
				480FEDC121002EB300DD09BA /* MVVMDemoTests */,
				480FEDCC21002EB400DD09BA /* MVVMDemoUITests */,
				480FEDAB21002EB300DD09BA /* Products */,
				480FEDDB2100349A00DD09BA /* Frameworks */,
			);
			sourceTree = "<group>";
		};
		480FEDAB21002EB300DD09BA /* Products */ = {
			isa = PBXGroup;
			children = (
				480FEDAA21002EB300DD09BA /* MVVMDemo.app */,
				480FEDBE21002EB300DD09BA /* MVVMDemoTests.xctest */,
				480FEDC921002EB400DD09BA /* MVVMDemoUITests.xctest */,
			);
			name = Products;
			sourceTree = "<group>";
		};
		480FEDAC21002EB300DD09BA /* MVVMDemo */ = {
			isa = PBXGroup;
			children = (
				480FEDAD21002EB300DD09BA /* AppDelegate.swift */,
				480FEDAF21002EB300DD09BA /* ViewController.swift */,
				480FEDB121002EB300DD09BA /* Main.storyboard */,
				480FEDB421002EB300DD09BA /* Assets.xcassets */,
				480FEDB621002EB300DD09BA /* LaunchScreen.storyboard */,
				480FEDB921002EB300DD09BA /* Info.plist */,
			);
			path = MVVMDemo;
			sourceTree = "<group>";
		};
		480FEDC121002EB300DD09BA /* MVVMDemoTests */ = {
			isa = PBXGroup;
			children = (
				480FEDC221002EB300DD09BA /* MVVMDemoTests.swift */,
				480FEDC421002EB400DD09BA /* Info.plist */,
			);
			path = MVVMDemoTests;
			sourceTree = "<group>";
		};
		480FEDCC21002EB400DD09BA /* MVVMDemoUITests */ = {
			isa = PBXGroup;
			children = (
				480FEDCD21002EB400DD09BA /* MVVMDemoUITests.swift */,
				480FEDCF21002EB400DD09BA /* Info.plist */,
			);
			path = MVVMDemoUITests;
			sourceTree = "<group>";
		};
		480FEDDB2100349A00DD09BA /* Frameworks */ = {
			isa = PBXGroup;
			children = (
				480FEDE92100374A00DD09BA /* XCTest.framework */,
				480FEDDE2100349A00DD09BA /* RxBlocking.framework */,
				480FEDDC2100349A00DD09BA /* RxCocoa.framework */,
				480FEDDD2100349A00DD09BA /* RxSwift.framework */,
				480FEDDF2100349A00DD09BA /* RxTest.framework */,
			);
			name = Frameworks;
			sourceTree = "<group>";
		};
		48DBA7522104189B00731441 /* DayOne */ = {
			isa = PBXGroup;
			children = (
				48DBA753210418AC00731441 /* DayOneController.swift */,
				48DBA75521041DB200731441 /* RxDemoOneDay.swift */,
				48DBA7AC2105631000731441 /* DayTwoDemo.swift */,
				48E4D5E72106FC2E00A25254 /* RxNameSpace.swift */,
			);
			path = DayOne;
			sourceTree = "<group>";
		};
		48DBA7582104980700731441 /* Products */ = {
			isa = PBXGroup;
			children = (
				48DBA7702104980800731441 /* RxSwift.framework */,
				48DBA7722104980800731441 /* RxSwift.framework */,
				48DBA7742104980800731441 /* RxSwift.framework */,
				48DBA7762104980800731441 /* RxSwift.framework */,
				48DBA7782104980800731441 /* RxCocoa.framework */,
				48DBA77A2104980800731441 /* RxCocoa.framework */,
				48DBA77C2104980800731441 /* RxCocoa.framework */,
				48DBA77E2104980800731441 /* RxCocoa.framework */,
				48DBA7802104980800731441 /* RxBlocking.framework */,
				48DBA7822104980800731441 /* RxBlocking.framework */,
				48DBA7842104980800731441 /* RxBlocking.framework */,
				48DBA7862104980800731441 /* RxBlocking.framework */,
				48DBA7882104980800731441 /* RxTest.framework */,
				48DBA78A2104980800731441 /* RxTest.framework */,
				48DBA78C2104980800731441 /* RxTest.framework */,
				48DBA78E2104980800731441 /* RxTest.framework */,
				48DBA7902104980800731441 /* AllTests-iOS.xctest */,
				48DBA7922104980800731441 /* AllTests-tvOS.xctest */,
				48DBA7942104980800731441 /* AllTests-macOS.xctest */,
				48DBA7962104980800731441 /* PerformanceTests.app */,
				48DBA7982104980800731441 /* Benchmarks.xctest */,
			);
			name = Products;
			sourceTree = "<group>";
		};
/* End PBXGroup section */

/* Begin PBXNativeTarget section */
		480FEDA921002EB300DD09BA /* MVVMDemo */ = {
			isa = PBXNativeTarget;
			buildConfigurationList = 480FEDD221002EB400DD09BA /* Build configuration list for PBXNativeTarget "MVVMDemo" */;
			buildPhases = (
				480FEDA621002EB300DD09BA /* Sources */,
				480FEDA721002EB300DD09BA /* Frameworks */,
				480FEDA821002EB300DD09BA /* Resources */,
				480FEDE42100360200DD09BA /* CopyCarthageFramework */,
			);
			buildRules = (
			);
			dependencies = (
			);
			name = MVVMDemo;
			productName = MVVMDemo;
			productReference = 480FEDAA21002EB300DD09BA /* MVVMDemo.app */;
			productType = "com.apple.product-type.application";
		};
		480FEDBD21002EB300DD09BA /* MVVMDemoTests */ = {
			isa = PBXNativeTarget;
			buildConfigurationList = 480FEDD521002EB400DD09BA /* Build configuration list for PBXNativeTarget "MVVMDemoTests" */;
			buildPhases = (
				480FEDBA21002EB300DD09BA /* Sources */,
				480FEDBB21002EB300DD09BA /* Frameworks */,
				480FEDBC21002EB300DD09BA /* Resources */,
			);
			buildRules = (
			);
			dependencies = (
				480FEDC021002EB300DD09BA /* PBXTargetDependency */,
			);
			name = MVVMDemoTests;
			productName = MVVMDemoTests;
			productReference = 480FEDBE21002EB300DD09BA /* MVVMDemoTests.xctest */;
			productType = "com.apple.product-type.bundle.unit-test";
		};
		480FEDC821002EB400DD09BA /* MVVMDemoUITests */ = {
			isa = PBXNativeTarget;
			buildConfigurationList = 480FEDD821002EB400DD09BA /* Build configuration list for PBXNativeTarget "MVVMDemoUITests" */;
			buildPhases = (
				480FEDC521002EB400DD09BA /* Sources */,
				480FEDC621002EB400DD09BA /* Frameworks */,
				480FEDC721002EB400DD09BA /* Resources */,
			);
			buildRules = (
			);
			dependencies = (
				480FEDCB21002EB400DD09BA /* PBXTargetDependency */,
			);
			name = MVVMDemoUITests;
			productName = MVVMDemoUITests;
			productReference = 480FEDC921002EB400DD09BA /* MVVMDemoUITests.xctest */;
			productType = "com.apple.product-type.bundle.ui-testing";
		};
/* End PBXNativeTarget section */

/* Begin PBXProject section */
		480FEDA221002EB300DD09BA /* Project object */ = {
			isa = PBXProject;
			attributes = {
				LastSwiftUpdateCheck = 0910;
				LastUpgradeCheck = 0910;
				ORGANIZATIONNAME = "Li, Havi X. -ND";
				TargetAttributes = {
					480FEDA921002EB300DD09BA = {
						CreatedOnToolsVersion = 9.1;
						ProvisioningStyle = Automatic;
					};
					480FEDBD21002EB300DD09BA = {
						CreatedOnToolsVersion = 9.1;
						ProvisioningStyle = Automatic;
						TestTargetID = 480FEDA921002EB300DD09BA;
					};
					480FEDC821002EB400DD09BA = {
						CreatedOnToolsVersion = 9.1;
						ProvisioningStyle = Automatic;
						TestTargetID = 480FEDA921002EB300DD09BA;
					};
				};
			};
			buildConfigurationList = 480FEDA521002EB300DD09BA /* Build configuration list for PBXProject "MVVMDemo" */;
			compatibilityVersion = "Xcode 8.0";
			developmentRegion = en;
			hasScannedForEncodings = 0;
			knownRegions = (
				en,
				Base,
			);
			mainGroup = 480FEDA121002EB300DD09BA;
			productRefGroup = 480FEDAB21002EB300DD09BA /* Products */;
			projectDirPath = "";
			projectReferences = (
				{
					ProductGroup = 48DBA7582104980700731441 /* Products */;
					ProjectRef = 48DBA7572104980700731441 /* Rx.xcodeproj */;
				},
			);
			projectRoot = "";
			targets = (
				480FEDA921002EB300DD09BA /* MVVMDemo */,
				480FEDBD21002EB300DD09BA /* MVVMDemoTests */,
				480FEDC821002EB400DD09BA /* MVVMDemoUITests */,
			);
		};
/* End PBXProject section */

/* Begin PBXReferenceProxy section */
		48DBA7702104980800731441 /* RxSwift.framework */ = {
			isa = PBXReferenceProxy;
			fileType = wrapper.framework;
			path = RxSwift.framework;
			remoteRef = 48DBA76F2104980800731441 /* PBXContainerItemProxy */;
			sourceTree = BUILT_PRODUCTS_DIR;
		};
		48DBA7722104980800731441 /* RxSwift.framework */ = {
			isa = PBXReferenceProxy;
			fileType = wrapper.framework;
			path = RxSwift.framework;
			remoteRef = 48DBA7712104980800731441 /* PBXContainerItemProxy */;
			sourceTree = BUILT_PRODUCTS_DIR;
		};
		48DBA7742104980800731441 /* RxSwift.framework */ = {
			isa = PBXReferenceProxy;
			fileType = wrapper.framework;
			path = RxSwift.framework;
			remoteRef = 48DBA7732104980800731441 /* PBXContainerItemProxy */;
			sourceTree = BUILT_PRODUCTS_DIR;
		};
		48DBA7762104980800731441 /* RxSwift.framework */ = {
			isa = PBXReferenceProxy;
			fileType = wrapper.framework;
			path = RxSwift.framework;
			remoteRef = 48DBA7752104980800731441 /* PBXContainerItemProxy */;
			sourceTree = BUILT_PRODUCTS_DIR;
		};
		48DBA7782104980800731441 /* RxCocoa.framework */ = {
			isa = PBXReferenceProxy;
			fileType = wrapper.framework;
			path = RxCocoa.framework;
			remoteRef = 48DBA7772104980800731441 /* PBXContainerItemProxy */;
			sourceTree = BUILT_PRODUCTS_DIR;
		};
		48DBA77A2104980800731441 /* RxCocoa.framework */ = {
			isa = PBXReferenceProxy;
			fileType = wrapper.framework;
			path = RxCocoa.framework;
			remoteRef = 48DBA7792104980800731441 /* PBXContainerItemProxy */;
			sourceTree = BUILT_PRODUCTS_DIR;
		};
		48DBA77C2104980800731441 /* RxCocoa.framework */ = {
			isa = PBXReferenceProxy;
			fileType = wrapper.framework;
			path = RxCocoa.framework;
			remoteRef = 48DBA77B2104980800731441 /* PBXContainerItemProxy */;
			sourceTree = BUILT_PRODUCTS_DIR;
		};
		48DBA77E2104980800731441 /* RxCocoa.framework */ = {
			isa = PBXReferenceProxy;
			fileType = wrapper.framework;
			path = RxCocoa.framework;
			remoteRef = 48DBA77D2104980800731441 /* PBXContainerItemProxy */;
			sourceTree = BUILT_PRODUCTS_DIR;
		};
		48DBA7802104980800731441 /* RxBlocking.framework */ = {
			isa = PBXReferenceProxy;
			fileType = wrapper.framework;
			path = RxBlocking.framework;
			remoteRef = 48DBA77F2104980800731441 /* PBXContainerItemProxy */;
			sourceTree = BUILT_PRODUCTS_DIR;
		};
		48DBA7822104980800731441 /* RxBlocking.framework */ = {
			isa = PBXReferenceProxy;
			fileType = wrapper.framework;
			path = RxBlocking.framework;
			remoteRef = 48DBA7812104980800731441 /* PBXContainerItemProxy */;
			sourceTree = BUILT_PRODUCTS_DIR;
		};
		48DBA7842104980800731441 /* RxBlocking.framework */ = {
			isa = PBXReferenceProxy;
			fileType = wrapper.framework;
			path = RxBlocking.framework;
			remoteRef = 48DBA7832104980800731441 /* PBXContainerItemProxy */;
			sourceTree = BUILT_PRODUCTS_DIR;
		};
		48DBA7862104980800731441 /* RxBlocking.framework */ = {
			isa = PBXReferenceProxy;
			fileType = wrapper.framework;
			path = RxBlocking.framework;
			remoteRef = 48DBA7852104980800731441 /* PBXContainerItemProxy */;
			sourceTree = BUILT_PRODUCTS_DIR;
		};
		48DBA7882104980800731441 /* RxTest.framework */ = {
			isa = PBXReferenceProxy;
			fileType = wrapper.framework;
			path = RxTest.framework;
			remoteRef = 48DBA7872104980800731441 /* PBXContainerItemProxy */;
			sourceTree = BUILT_PRODUCTS_DIR;
		};
		48DBA78A2104980800731441 /* RxTest.framework */ = {
			isa = PBXReferenceProxy;
			fileType = wrapper.framework;
			path = RxTest.framework;
			remoteRef = 48DBA7892104980800731441 /* PBXContainerItemProxy */;
			sourceTree = BUILT_PRODUCTS_DIR;
		};
		48DBA78C2104980800731441 /* RxTest.framework */ = {
			isa = PBXReferenceProxy;
			fileType = wrapper.framework;
			path = RxTest.framework;
			remoteRef = 48DBA78B2104980800731441 /* PBXContainerItemProxy */;
			sourceTree = BUILT_PRODUCTS_DIR;
		};
		48DBA78E2104980800731441 /* RxTest.framework */ = {
			isa = PBXReferenceProxy;
			fileType = wrapper.framework;
			path = RxTest.framework;
			remoteRef = 48DBA78D2104980800731441 /* PBXContainerItemProxy */;
			sourceTree = BUILT_PRODUCTS_DIR;
		};
		48DBA7902104980800731441 /* AllTests-iOS.xctest */ = {
			isa = PBXReferenceProxy;
			fileType = wrapper.cfbundle;
			path = "AllTests-iOS.xctest";
			remoteRef = 48DBA78F2104980800731441 /* PBXContainerItemProxy */;
			sourceTree = BUILT_PRODUCTS_DIR;
		};
		48DBA7922104980800731441 /* AllTests-tvOS.xctest */ = {
			isa = PBXReferenceProxy;
			fileType = wrapper.cfbundle;
			path = "AllTests-tvOS.xctest";
			remoteRef = 48DBA7912104980800731441 /* PBXContainerItemProxy */;
			sourceTree = BUILT_PRODUCTS_DIR;
		};
		48DBA7942104980800731441 /* AllTests-macOS.xctest */ = {
			isa = PBXReferenceProxy;
			fileType = wrapper.cfbundle;
			path = "AllTests-macOS.xctest";
			remoteRef = 48DBA7932104980800731441 /* PBXContainerItemProxy */;
			sourceTree = BUILT_PRODUCTS_DIR;
		};
		48DBA7962104980800731441 /* PerformanceTests.app */ = {
			isa = PBXReferenceProxy;
			fileType = wrapper.application;
			name = PerformanceTests.app;
			path = Microoptimizations.app;
			remoteRef = 48DBA7952104980800731441 /* PBXContainerItemProxy */;
			sourceTree = BUILT_PRODUCTS_DIR;
		};
		48DBA7982104980800731441 /* Benchmarks.xctest */ = {
			isa = PBXReferenceProxy;
			fileType = wrapper.cfbundle;
			path = Benchmarks.xctest;
			remoteRef = 48DBA7972104980800731441 /* PBXContainerItemProxy */;
			sourceTree = BUILT_PRODUCTS_DIR;
		};
/* End PBXReferenceProxy section */

/* Begin PBXResourcesBuildPhase section */
		480FEDA821002EB300DD09BA /* Resources */ = {
			isa = PBXResourcesBuildPhase;
			buildActionMask = 2147483647;
			files = (
				480FEDB821002EB300DD09BA /* LaunchScreen.storyboard in Resources */,
				480FEDB521002EB300DD09BA /* Assets.xcassets in Resources */,
				480FEDB321002EB300DD09BA /* Main.storyboard in Resources */,
			);
			runOnlyForDeploymentPostprocessing = 0;
		};
		480FEDBC21002EB300DD09BA /* Resources */ = {
			isa = PBXResourcesBuildPhase;
			buildActionMask = 2147483647;
			files = (
			);
			runOnlyForDeploymentPostprocessing = 0;
		};
		480FEDC721002EB400DD09BA /* Resources */ = {
			isa = PBXResourcesBuildPhase;
			buildActionMask = 2147483647;
			files = (
			);
			runOnlyForDeploymentPostprocessing = 0;
		};
/* End PBXResourcesBuildPhase section */

/* Begin PBXShellScriptBuildPhase section */
		480FEDE42100360200DD09BA /* CopyCarthageFramework */ = {
			isa = PBXShellScriptBuildPhase;
			buildActionMask = 2147483647;
			files = (
			);
			inputPaths = (
				"$(SRCROOT)/Carthage/Build/iOS/RxCocoa.framework",
				"$(SRCROOT)/Carthage/Build/iOS/RxBlocking.framework",
				"$(SRCROOT)/Carthage/Build/iOS/RxSwift.framework",
			);
			name = CopyCarthageFramework;
			outputPaths = (
				"$(BUILT_PRODUCTS_DIR)/$(FRAMEWORKS_FOLDER_PATH)/RxCocoa.framework",
				"$(BUILT_PRODUCTS_DIR)/$(FRAMEWORKS_FOLDER_PATH)/RxBlocking.framework",
				"$(BUILT_PRODUCTS_DIR)/$(FRAMEWORKS_FOLDER_PATH)/RxSwift.framework",
			);
			runOnlyForDeploymentPostprocessing = 0;
			shellPath = /bin/sh;
			shellScript = "/usr/local/bin/carthage copy-frameworks";
		};
/* End PBXShellScriptBuildPhase section */

/* Begin PBXSourcesBuildPhase section */
		480FEDA621002EB300DD09BA /* Sources */ = {
			isa = PBXSourcesBuildPhase;
			buildActionMask = 2147483647;
			files = (
				48DBA75621041DB200731441 /* RxDemoOneDay.swift in Sources */,
				48DBA7AD2105631000731441 /* DayTwoDemo.swift in Sources */,
				480FEDB021002EB300DD09BA /* ViewController.swift in Sources */,
				48E4D5E82106FC2E00A25254 /* RxNameSpace.swift in Sources */,
				48DBA754210418AC00731441 /* DayOneController.swift in Sources */,
				480FEDAE21002EB300DD09BA /* AppDelegate.swift in Sources */,
			);
			runOnlyForDeploymentPostprocessing = 0;
		};
		480FEDBA21002EB300DD09BA /* Sources */ = {
			isa = PBXSourcesBuildPhase;
			buildActionMask = 2147483647;
			files = (
				480FEDC321002EB300DD09BA /* MVVMDemoTests.swift in Sources */,
			);
			runOnlyForDeploymentPostprocessing = 0;
		};
		480FEDC521002EB400DD09BA /* Sources */ = {
			isa = PBXSourcesBuildPhase;
			buildActionMask = 2147483647;
			files = (
				480FEDCE21002EB400DD09BA /* MVVMDemoUITests.swift in Sources */,
			);
			runOnlyForDeploymentPostprocessing = 0;
		};
/* End PBXSourcesBuildPhase section */

/* Begin PBXTargetDependency section */
		480FEDC021002EB300DD09BA /* PBXTargetDependency */ = {
			isa = PBXTargetDependency;
			target = 480FEDA921002EB300DD09BA /* MVVMDemo */;
			targetProxy = 480FEDBF21002EB300DD09BA /* PBXContainerItemProxy */;
		};
		480FEDCB21002EB400DD09BA /* PBXTargetDependency */ = {
			isa = PBXTargetDependency;
			target = 480FEDA921002EB300DD09BA /* MVVMDemo */;
			targetProxy = 480FEDCA21002EB400DD09BA /* PBXContainerItemProxy */;
		};
/* End PBXTargetDependency section */

/* Begin PBXVariantGroup section */
		480FEDB121002EB300DD09BA /* Main.storyboard */ = {
			isa = PBXVariantGroup;
			children = (
				480FEDB221002EB300DD09BA /* Base */,
			);
			name = Main.storyboard;
			sourceTree = "<group>";
		};
		480FEDB621002EB300DD09BA /* LaunchScreen.storyboard */ = {
			isa = PBXVariantGroup;
			children = (
				480FEDB721002EB300DD09BA /* Base */,
			);
			name = LaunchScreen.storyboard;
			sourceTree = "<group>";
		};
/* End PBXVariantGroup section */

/* Begin XCBuildConfiguration section */
		480FEDD021002EB400DD09BA /* Debug */ = {
			isa = XCBuildConfiguration;
			buildSettings = {
				ALWAYS_SEARCH_USER_PATHS = NO;
				CLANG_ANALYZER_NONNULL = YES;
				CLANG_ANALYZER_NUMBER_OBJECT_CONVERSION = YES_AGGRESSIVE;
				CLANG_CXX_LANGUAGE_STANDARD = "gnu++14";
				CLANG_CXX_LIBRARY = "libc++";
				CLANG_ENABLE_MODULES = YES;
				CLANG_ENABLE_OBJC_ARC = YES;
				CLANG_WARN_BLOCK_CAPTURE_AUTORELEASING = YES;
				CLANG_WARN_BOOL_CONVERSION = YES;
				CLANG_WARN_COMMA = YES;
				CLANG_WARN_CONSTANT_CONVERSION = YES;
				CLANG_WARN_DIRECT_OBJC_ISA_USAGE = YES_ERROR;
				CLANG_WARN_DOCUMENTATION_COMMENTS = YES;
				CLANG_WARN_EMPTY_BODY = YES;
				CLANG_WARN_ENUM_CONVERSION = YES;
				CLANG_WARN_INFINITE_RECURSION = YES;
				CLANG_WARN_INT_CONVERSION = YES;
				CLANG_WARN_NON_LITERAL_NULL_CONVERSION = YES;
				CLANG_WARN_OBJC_LITERAL_CONVERSION = YES;
				CLANG_WARN_OBJC_ROOT_CLASS = YES_ERROR;
				CLANG_WARN_RANGE_LOOP_ANALYSIS = YES;
				CLANG_WARN_STRICT_PROTOTYPES = YES;
				CLANG_WARN_SUSPICIOUS_MOVE = YES;
				CLANG_WARN_UNGUARDED_AVAILABILITY = YES_AGGRESSIVE;
				CLANG_WARN_UNREACHABLE_CODE = YES;
				CLANG_WARN__DUPLICATE_METHOD_MATCH = YES;
				CODE_SIGN_IDENTITY = "iPhone Developer";
				COPY_PHASE_STRIP = NO;
				DEBUG_INFORMATION_FORMAT = dwarf;
				ENABLE_STRICT_OBJC_MSGSEND = YES;
				ENABLE_TESTABILITY = YES;
				GCC_C_LANGUAGE_STANDARD = gnu11;
				GCC_DYNAMIC_NO_PIC = NO;
				GCC_NO_COMMON_BLOCKS = YES;
				GCC_OPTIMIZATION_LEVEL = 0;
				GCC_PREPROCESSOR_DEFINITIONS = (
					"DEBUG=1",
					"$(inherited)",
				);
				GCC_WARN_64_TO_32_BIT_CONVERSION = YES;
				GCC_WARN_ABOUT_RETURN_TYPE = YES_ERROR;
				GCC_WARN_UNDECLARED_SELECTOR = YES;
				GCC_WARN_UNINITIALIZED_AUTOS = YES_AGGRESSIVE;
				GCC_WARN_UNUSED_FUNCTION = YES;
				GCC_WARN_UNUSED_VARIABLE = YES;
				IPHONEOS_DEPLOYMENT_TARGET = 11.1;
				MTL_ENABLE_DEBUG_INFO = YES;
				ONLY_ACTIVE_ARCH = YES;
				SDKROOT = iphoneos;
				SWIFT_ACTIVE_COMPILATION_CONDITIONS = DEBUG;
				SWIFT_OPTIMIZATION_LEVEL = "-Onone";
			};
			name = Debug;
		};
		480FEDD121002EB400DD09BA /* Release */ = {
			isa = XCBuildConfiguration;
			buildSettings = {
				ALWAYS_SEARCH_USER_PATHS = NO;
				CLANG_ANALYZER_NONNULL = YES;
				CLANG_ANALYZER_NUMBER_OBJECT_CONVERSION = YES_AGGRESSIVE;
				CLANG_CXX_LANGUAGE_STANDARD = "gnu++14";
				CLANG_CXX_LIBRARY = "libc++";
				CLANG_ENABLE_MODULES = YES;
				CLANG_ENABLE_OBJC_ARC = YES;
				CLANG_WARN_BLOCK_CAPTURE_AUTORELEASING = YES;
				CLANG_WARN_BOOL_CONVERSION = YES;
				CLANG_WARN_COMMA = YES;
				CLANG_WARN_CONSTANT_CONVERSION = YES;
				CLANG_WARN_DIRECT_OBJC_ISA_USAGE = YES_ERROR;
				CLANG_WARN_DOCUMENTATION_COMMENTS = YES;
				CLANG_WARN_EMPTY_BODY = YES;
				CLANG_WARN_ENUM_CONVERSION = YES;
				CLANG_WARN_INFINITE_RECURSION = YES;
				CLANG_WARN_INT_CONVERSION = YES;
				CLANG_WARN_NON_LITERAL_NULL_CONVERSION = YES;
				CLANG_WARN_OBJC_LITERAL_CONVERSION = YES;
				CLANG_WARN_OBJC_ROOT_CLASS = YES_ERROR;
				CLANG_WARN_RANGE_LOOP_ANALYSIS = YES;
				CLANG_WARN_STRICT_PROTOTYPES = YES;
				CLANG_WARN_SUSPICIOUS_MOVE = YES;
				CLANG_WARN_UNGUARDED_AVAILABILITY = YES_AGGRESSIVE;
				CLANG_WARN_UNREACHABLE_CODE = YES;
				CLANG_WARN__DUPLICATE_METHOD_MATCH = YES;
				CODE_SIGN_IDENTITY = "iPhone Developer";
				COPY_PHASE_STRIP = NO;
				DEBUG_INFORMATION_FORMAT = "dwarf-with-dsym";
				ENABLE_NS_ASSERTIONS = NO;
				ENABLE_STRICT_OBJC_MSGSEND = YES;
				GCC_C_LANGUAGE_STANDARD = gnu11;
				GCC_NO_COMMON_BLOCKS = YES;
				GCC_WARN_64_TO_32_BIT_CONVERSION = YES;
				GCC_WARN_ABOUT_RETURN_TYPE = YES_ERROR;
				GCC_WARN_UNDECLARED_SELECTOR = YES;
				GCC_WARN_UNINITIALIZED_AUTOS = YES_AGGRESSIVE;
				GCC_WARN_UNUSED_FUNCTION = YES;
				GCC_WARN_UNUSED_VARIABLE = YES;
				IPHONEOS_DEPLOYMENT_TARGET = 11.1;
				MTL_ENABLE_DEBUG_INFO = NO;
				SDKROOT = iphoneos;
				SWIFT_OPTIMIZATION_LEVEL = "-Owholemodule";
				VALIDATE_PRODUCT = YES;
			};
			name = Release;
		};
		480FEDD321002EB400DD09BA /* Debug */ = {
			isa = XCBuildConfiguration;
			buildSettings = {
				ASSETCATALOG_COMPILER_APPICON_NAME = AppIcon;
				CODE_SIGN_STYLE = Automatic;
				FRAMEWORK_SEARCH_PATHS = (
					"$(inherited)",
					"$(PROJECT_DIR)/Carthage/Build/iOS",
				);
				INFOPLIST_FILE = MVVMDemo/Info.plist;
				LD_RUNPATH_SEARCH_PATHS = "$(inherited) @executable_path/Frameworks";
				PRODUCT_BUNDLE_IDENTIFIER = Disney.MVVMDemo;
				PRODUCT_NAME = "$(TARGET_NAME)";
				SWIFT_VERSION = 4.0;
				TARGETED_DEVICE_FAMILY = "1,2";
			};
			name = Debug;
		};
		480FEDD421002EB400DD09BA /* Release */ = {
			isa = XCBuildConfiguration;
			buildSettings = {
				ASSETCATALOG_COMPILER_APPICON_NAME = AppIcon;
				CODE_SIGN_STYLE = Automatic;
				FRAMEWORK_SEARCH_PATHS = (
					"$(inherited)",
					"$(PROJECT_DIR)/Carthage/Build/iOS",
				);
				INFOPLIST_FILE = MVVMDemo/Info.plist;
				LD_RUNPATH_SEARCH_PATHS = "$(inherited) @executable_path/Frameworks";
				PRODUCT_BUNDLE_IDENTIFIER = Disney.MVVMDemo;
				PRODUCT_NAME = "$(TARGET_NAME)";
				SWIFT_VERSION = 4.0;
				TARGETED_DEVICE_FAMILY = "1,2";
			};
			name = Release;
		};
		480FEDD621002EB400DD09BA /* Debug */ = {
			isa = XCBuildConfiguration;
			buildSettings = {
				ALWAYS_EMBED_SWIFT_STANDARD_LIBRARIES = YES;
				BUNDLE_LOADER = "$(TEST_HOST)";
				CODE_SIGN_STYLE = Automatic;
				INFOPLIST_FILE = MVVMDemoTests/Info.plist;
				LD_RUNPATH_SEARCH_PATHS = "$(inherited) @executable_path/Frameworks @loader_path/Frameworks";
				PRODUCT_BUNDLE_IDENTIFIER = Disney.MVVMDemoTests;
				PRODUCT_NAME = "$(TARGET_NAME)";
				SWIFT_VERSION = 4.0;
				TARGETED_DEVICE_FAMILY = "1,2";
				TEST_HOST = "$(BUILT_PRODUCTS_DIR)/MVVMDemo.app/MVVMDemo";
			};
			name = Debug;
		};
		480FEDD721002EB400DD09BA /* Release */ = {
			isa = XCBuildConfiguration;
			buildSettings = {
				ALWAYS_EMBED_SWIFT_STANDARD_LIBRARIES = YES;
				BUNDLE_LOADER = "$(TEST_HOST)";
				CODE_SIGN_STYLE = Automatic;
				INFOPLIST_FILE = MVVMDemoTests/Info.plist;
				LD_RUNPATH_SEARCH_PATHS = "$(inherited) @executable_path/Frameworks @loader_path/Frameworks";
				PRODUCT_BUNDLE_IDENTIFIER = Disney.MVVMDemoTests;
				PRODUCT_NAME = "$(TARGET_NAME)";
				SWIFT_VERSION = 4.0;
				TARGETED_DEVICE_FAMILY = "1,2";
				TEST_HOST = "$(BUILT_PRODUCTS_DIR)/MVVMDemo.app/MVVMDemo";
			};
			name = Release;
		};
		480FEDD921002EB400DD09BA /* Debug */ = {
			isa = XCBuildConfiguration;
			buildSettings = {
				ALWAYS_EMBED_SWIFT_STANDARD_LIBRARIES = YES;
				CODE_SIGN_STYLE = Automatic;
				INFOPLIST_FILE = MVVMDemoUITests/Info.plist;
				LD_RUNPATH_SEARCH_PATHS = "$(inherited) @executable_path/Frameworks @loader_path/Frameworks";
				PRODUCT_BUNDLE_IDENTIFIER = Disney.MVVMDemoUITests;
				PRODUCT_NAME = "$(TARGET_NAME)";
				SWIFT_VERSION = 4.0;
				TARGETED_DEVICE_FAMILY = "1,2";
				TEST_TARGET_NAME = MVVMDemo;
			};
			name = Debug;
		};
		480FEDDA21002EB400DD09BA /* Release */ = {
			isa = XCBuildConfiguration;
			buildSettings = {
				ALWAYS_EMBED_SWIFT_STANDARD_LIBRARIES = YES;
				CODE_SIGN_STYLE = Automatic;
				INFOPLIST_FILE = MVVMDemoUITests/Info.plist;
				LD_RUNPATH_SEARCH_PATHS = "$(inherited) @executable_path/Frameworks @loader_path/Frameworks";
				PRODUCT_BUNDLE_IDENTIFIER = Disney.MVVMDemoUITests;
				PRODUCT_NAME = "$(TARGET_NAME)";
				SWIFT_VERSION = 4.0;
				TARGETED_DEVICE_FAMILY = "1,2";
				TEST_TARGET_NAME = MVVMDemo;
			};
			name = Release;
		};
/* End XCBuildConfiguration section */

/* Begin XCConfigurationList section */
		480FEDA521002EB300DD09BA /* Build configuration list for PBXProject "MVVMDemo" */ = {
			isa = XCConfigurationList;
			buildConfigurations = (
				480FEDD021002EB400DD09BA /* Debug */,
				480FEDD121002EB400DD09BA /* Release */,
			);
			defaultConfigurationIsVisible = 0;
			defaultConfigurationName = Release;
		};
		480FEDD221002EB400DD09BA /* Build configuration list for PBXNativeTarget "MVVMDemo" */ = {
			isa = XCConfigurationList;
			buildConfigurations = (
				480FEDD321002EB400DD09BA /* Debug */,
				480FEDD421002EB400DD09BA /* Release */,
			);
			defaultConfigurationIsVisible = 0;
			defaultConfigurationName = Release;
		};
		480FEDD521002EB400DD09BA /* Build configuration list for PBXNativeTarget "MVVMDemoTests" */ = {
			isa = XCConfigurationList;
			buildConfigurations = (
				480FEDD621002EB400DD09BA /* Debug */,
				480FEDD721002EB400DD09BA /* Release */,
			);
			defaultConfigurationIsVisible = 0;
			defaultConfigurationName = Release;
		};
		480FEDD821002EB400DD09BA /* Build configuration list for PBXNativeTarget "MVVMDemoUITests" */ = {
			isa = XCConfigurationList;
			buildConfigurations = (
				480FEDD921002EB400DD09BA /* Debug */,
				480FEDDA21002EB400DD09BA /* Release */,
			);
			defaultConfigurationIsVisible = 0;
			defaultConfigurationName = Release;
		};
/* End XCConfigurationList section */
	};
	rootObject = 480FEDA221002EB300DD09BA /* Project object */;
}
